
Microsoft Visual Studio Solution File, Format Version 12.00
# Visual Studio Version 17
VisualStudioVersion = 17.8.34316.72
MinimumVisualStudioVersion = 10.0.40219.1
Project("{FAE04EC0-301F-11D3-BF4B-00C04F79EFBC}") = "GreenThumb", "GreenThumb\GreenThumb.csproj", "{5203256F-BD54-4DE5-9416-27B556AE98E7}"
EndProject
Global
	GlobalSection(SolutionConfigurationPlatforms) = preSolution
		Debug|Any CPU = Debug|Any CPU
		Release|Any CPU = Release|Any CPU
	EndGlobalSection
	GlobalSection(ProjectConfigurationPlatforms) = postSolution
		{5203256F-BD54-4DE5-9416-27B556AE98E7}.Debug|Any CPU.ActiveCfg = Debug|Any CPU
		{5203256F-BD54-4DE5-9416-27B556AE98E7}.Debug|Any CPU.Build.0 = Debug|Any CPU
		{5203256F-BD54-4DE5-9416-27B556AE98E7}.Release|Any CPU.ActiveCfg = Release|Any CPU
		{5203256F-BD54-4DE5-9416-27B556AE98E7}.Release|Any CPU.Build.0 = Release|Any CPU
	EndGlobalSection
	GlobalSection(SolutionProperties) = preSolution
		HideSolutionNode = FALSE
	EndGlobalSection
	GlobalSection(ExtensibilityGlobals) = postSolution
		SolutionGuid = {4C17DB0C-2666-4C48-B5DF-4E9D95169C73}
	EndGlobalSection
EndGlobal
